// !$*UTF8*$!
{
	archiveVersion = 1;
	classes = {
	};
	objectVersion = 77;
	objects = {

/* Begin PBXBuildFile section */
		16E3F0DE2EB568A300E0D9B8 /* Assets.xcassets in Resources */ = {isa = PBXBuildFile; fileRef = 16E3F0DD2EB568A300E0D9B8 /* Assets.xcassets */; };
/* End PBXBuildFile section */

/* Begin PBXContainerItemProxy section */
		163E2D812E5CF13E00C16B3C /* PBXContainerItemProxy */ = {
			isa = PBXContainerItemProxy;
			containerPortal = 163E2D692E5CF13D00C16B3C /* Project object */;
			proxyType = 1;
			remoteGlobalIDString = 163E2D702E5CF13D00C16B3C;
			remoteInfo = Muesli;
		};
		163E2D8B2E5CF13E00C16B3C /* PBXContainerItemProxy */ = {
			isa = PBXContainerItemProxy;
			containerPortal = 163E2D692E5CF13D00C16B3C /* Project object */;
			proxyType = 1;
			remoteGlobalIDString = 163E2D702E5CF13D00C16B3C;
			remoteInfo = Muesli;
		};
/* End PBXContainerItemProxy section */

/* Begin PBXFileReference section */
		163E2D712E5CF13D00C16B3C /* Muesli.app */ = {isa = PBXFileReference; explicitFileType = wrapper.application; includeInIndex = 0; path = Muesli.app; sourceTree = BUILT_PRODUCTS_DIR; };
		163E2D802E5CF13E00C16B3C /* MuesliTests.xctest */ = {isa = PBXFileReference; explicitFileType = wrapper.cfbundle; includeInIndex = 0; path = MuesliTests.xctest; sourceTree = BUILT_PRODUCTS_DIR; };
		163E2D8A2E5CF13E00C16B3C /* MuesliUITests.xctest */ = {isa = PBXFileReference; explicitFileType = wrapper.cfbundle; includeInIndex = 0; path = MuesliUITests.xctest; sourceTree = BUILT_PRODUCTS_DIR; };
		16E3F0DD2EB568A300E0D9B8 /* Assets.xcassets */ = {isa = PBXFileReference; lastKnownFileType = folder.assetcatalog; path = Assets.xcassets; sourceTree = "<group>"; };
/* End PBXFileReference section */

/* Begin PBXFileSystemSynchronizedRootGroup section */
		163E2D732E5CF13D00C16B3C /* Muesli */ = {
			isa = PBXFileSystemSynchronizedRootGroup;
			path = Muesli;
			sourceTree = "<group>";
		};
		163E2D832E5CF13E00C16B3C /* MuesliTests */ = {
			isa = PBXFileSystemSynchronizedRootGroup;
			path = MuesliTests;
			sourceTree = "<group>";
		};
		163E2D8D2E5CF13E00C16B3C /* MuesliUITests */ = {
			isa = PBXFileSystemSynchronizedRootGroup;
			path = MuesliUITests;
			sourceTree = "<group>";
		};
/* End PBXFileSystemSynchronizedRootGroup section */

/* Begin PBXFrameworksBuildPhase section */
		163E2D6E2E5CF13D00C16B3C /* Frameworks */ = {
			isa = PBXFrameworksBuildPhase;
			buildActionMask = 2147483647;
			files = (
			);
			runOnlyForDeploymentPostprocessing = 0;
		};
		163E2D7D2E5CF13E00C16B3C /* Frameworks */ = {
			isa = PBXFrameworksBuildPhase;
			buildActionMask = 2147483647;
			files = (
			);
			runOnlyForDeploymentPostprocessing = 0;
		};
		163E2D872E5CF13E00C16B3C /* Frameworks */ = {
			isa = PBXFrameworksBuildPhase;
			buildActionMask = 2147483647;
			files = (
			);
			runOnlyForDeploymentPostprocessing = 0;
		};
/* End PBXFrameworksBuildPhase section */

/* Begin PBXGroup section */
		163E2D682E5CF13D00C16B3C = {
			isa = PBXGroup;
			children = (
				163E2D732E5CF13D00C16B3C /* Muesli */,
				163E2D832E5CF13E00C16B3C /* MuesliTests */,
				163E2D8D2E5CF13E00C16B3C /* MuesliUITests */,
				163E2D722E5CF13D00C16B3C /* Products */,
				16E3F0DD2EB568A300E0D9B8 /* Assets.xcassets */,
			);
			sourceTree = "<group>";
		};
		163E2D722E5CF13D00C16B3C /* Products */ = {
			isa = PBXGroup;
			children = (
				163E2D712E5CF13D00C16B3C /* Muesli.app */,
				163E2D802E5CF13E00C16B3C /* MuesliTests.xctest */,
				163E2D8A2E5CF13E00C16B3C /* MuesliUITests.xctest */,
			);
			name = Products;
			sourceTree = "<group>";
		};
/* End PBXGroup section */

/* Begin PBXNativeTarget section */
		163E2D702E5CF13D00C16B3C /* Muesli */ = {
			isa = PBXNativeTarget;
			buildConfigurationList = 163E2D942E5CF13E00C16B3C /* Build configuration list for PBXNativeTarget "Muesli" */;
			buildPhases = (
				163E2D6D2E5CF13D00C16B3C /* Sources */,
				163E2D6E2E5CF13D00C16B3C /* Frameworks */,
				163E2D6F2E5CF13D00C16B3C /* Resources */,
			);
			buildRules = (
			);
			dependencies = (
			);
			fileSystemSynchronizedGroups = (
				163E2D732E5CF13D00C16B3C /* Muesli */,
			);
			name = Muesli;
			packageProductDependencies = (
			);
			productName = Muesli;
			productReference = 163E2D712E5CF13D00C16B3C /* Muesli.app */;
			productType = "com.apple.product-type.application";
		};
		163E2D7F2E5CF13E00C16B3C /* MuesliTests */ = {
			isa = PBXNativeTarget;
			buildConfigurationList = 163E2D972E5CF13E00C16B3C /* Build configuration list for PBXNativeTarget "MuesliTests" */;
			buildPhases = (
				163E2D7C2E5CF13E00C16B3C /* Sources */,
				163E2D7D2E5CF13E00C16B3C /* Frameworks */,
				163E2D7E2E5CF13E00C16B3C /* Resources */,
			);
			buildRules = (
			);
			dependencies = (
				163E2D822E5CF13E00C16B3C /* PBXTargetDependency */,
			);
			fileSystemSynchronizedGroups = (
				163E2D832E5CF13E00C16B3C /* MuesliTests */,
			);
			name = MuesliTests;
			packageProductDependencies = (
			);
			productName = MuesliTests;
			productReference = 163E2D802E5CF13E00C16B3C /* MuesliTests.xctest */;
			productType = "com.apple.product-type.bundle.unit-test";
		};
		163E2D892E5CF13E00C16B3C /* MuesliUITests */ = {
			isa = PBXNativeTarget;
			buildConfigurationList = 163E2D9A2E5CF13E00C16B3C /* Build configuration list for PBXNativeTarget "MuesliUITests" */;
			buildPhases = (
				163E2D862E5CF13E00C16B3C /* Sources */,
				163E2D872E5CF13E00C16B3C /* Frameworks */,
				163E2D882E5CF13E00C16B3C /* Resources */,
			);
			buildRules = (
			);
			dependencies = (
				163E2D8C2E5CF13E00C16B3C /* PBXTargetDependency */,
			);
			fileSystemSynchronizedGroups = (
				163E2D8D2E5CF13E00C16B3C /* MuesliUITests */,
			);
			name = MuesliUITests;
			packageProductDependencies = (
			);
			productName = MuesliUITests;
			productReference = 163E2D8A2E5CF13E00C16B3C /* MuesliUITests.xctest */;
			productType = "com.apple.product-type.bundle.ui-testing";
		};
/* End PBXNativeTarget section */

/* Begin PBXProject section */
		163E2D692E5CF13D00C16B3C /* Project object */ = {
			isa = PBXProject;
			attributes = {
				BuildIndependentTargetsInParallel = 1;
				LastSwiftUpdateCheck = 1640;
				LastUpgradeCheck = 2600;
				TargetAttributes = {
					163E2D702E5CF13D00C16B3C = {
						CreatedOnToolsVersion = 16.4;
					};
					163E2D7F2E5CF13E00C16B3C = {
						CreatedOnToolsVersion = 16.4;
						TestTargetID = 163E2D702E5CF13D00C16B3C;
					};
					163E2D892E5CF13E00C16B3C = {
						CreatedOnToolsVersion = 16.4;
						TestTargetID = 163E2D702E5CF13D00C16B3C;
					};
				};
			};
			buildConfigurationList = 163E2D6C2E5CF13D00C16B3C /* Build configuration list for PBXProject "Muesli" */;
			developmentRegion = en;
			hasScannedForEncodings = 0;
			knownRegions = (
				en,
				Base,
			);
			mainGroup = 163E2D682E5CF13D00C16B3C;
			minimizedProjectReferenceProxies = 1;
			preferredProjectObjectVersion = 77;
			productRefGroup = 163E2D722E5CF13D00C16B3C /* Products */;
			projectDirPath = "";
			projectRoot = "";
			targets = (
				163E2D702E5CF13D00C16B3C /* Muesli */,
				163E2D7F2E5CF13E00C16B3C /* MuesliTests */,
				163E2D892E5CF13E00C16B3C /* MuesliUITests */,
			);
		};
/* End PBXProject section */

/* Begin PBXResourcesBuildPhase section */
		163E2D6F2E5CF13D00C16B3C /* Resources */ = {
			isa = PBXResourcesBuildPhase;
			buildActionMask = 2147483647;
			files = (
				16E3F0DE2EB568A300E0D9B8 /* Assets.xcassets in Resources */,
			);
			runOnlyForDeploymentPostprocessing = 0;
		};
		163E2D7E2E5CF13E00C16B3C /* Resources */ = {
			isa = PBXResourcesBuildPhase;
			buildActionMask = 2147483647;
			files = (
			);
			runOnlyForDeploymentPostprocessing = 0;
		};
		163E2D882E5CF13E00C16B3C /* Resources */ = {
			isa = PBXResourcesBuildPhase;
			buildActionMask = 2147483647;
			files = (
			);
			runOnlyForDeploymentPostprocessing = 0;
		};
/* End PBXResourcesBuildPhase section */

/* Begin PBXSourcesBuildPhase section */
		163E2D6D2E5CF13D00C16B3C /* Sources */ = {
			isa = PBXSourcesBuildPhase;
			buildActionMask = 2147483647;
			files = (
			);
			runOnlyForDeploymentPostprocessing = 0;
		};
		163E2D7C2E5CF13E00C16B3C /* Sources */ = {
			isa = PBXSourcesBuildPhase;
			buildActionMask = 2147483647;
			files = (
			);
			runOnlyForDeploymentPostprocessing = 0;
		};
		163E2D862E5CF13E00C16B3C /* Sources */ = {
			isa = PBXSourcesBuildPhase;
			buildActionMask = 2147483647;
			files = (
			);
			runOnlyForDeploymentPostprocessing = 0;
		};
/* End PBXSourcesBuildPhase section */

/* Begin PBXTargetDependency section */
		163E2D822E5CF13E00C16B3C /* PBXTargetDependency */ = {
			isa = PBXTargetDependency;
			target = 163E2D702E5CF13D00C16B3C /* Muesli */;
			targetProxy = 163E2D812E5CF13E00C16B3C /* PBXContainerItemProxy */;
		};
		163E2D8C2E5CF13E00C16B3C /* PBXTargetDependency */ = {
			isa = PBXTargetDependency;
			target = 163E2D702E5CF13D00C16B3C /* Muesli */;
			targetProxy = 163E2D8B2E5CF13E00C16B3C /* PBXContainerItemProxy */;
		};
/* End PBXTargetDependency section */

/* Begin XCBuildConfiguration section */
		163E2D922E5CF13E00C16B3C /* Debug */ = {
			isa = XCBuildConfiguration;
			buildSettings = {
				ALWAYS_SEARCH_USER_PATHS = NO;
				ASSETCATALOG_COMPILER_GENERATE_SWIFT_ASSET_SYMBOL_EXTENSIONS = YES;
				CLANG_ANALYZER_NONNULL = YES;
				CLANG_ANALYZER_NUMBER_OBJECT_CONVERSION = YES_AGGRESSIVE;
				CLANG_CXX_LANGUAGE_STANDARD = "gnu++20";
				CLANG_ENABLE_MODULES = YES;
				CLANG_ENABLE_OBJC_ARC = YES;
				CLANG_ENABLE_OBJC_WEAK = YES;
				CLANG_WARN_BLOCK_CAPTURE_AUTORELEASING = YES;
				CLANG_WARN_BOOL_CONVERSION = YES;
				CLANG_WARN_COMMA = YES;
				CLANG_WARN_CONSTANT_CONVERSION = YES;
				CLANG_WARN_DEPRECATED_OBJC_IMPLEMENTATIONS = YES;
				CLANG_WARN_DIRECT_OBJC_ISA_USAGE = YES_ERROR;
				CLANG_WARN_DOCUMENTATION_COMMENTS = YES;
				CLANG_WARN_EMPTY_BODY = YES;
				CLANG_WARN_ENUM_CONVERSION = YES;
				CLANG_WARN_INFINITE_RECURSION = YES;
				CLANG_WARN_INT_CONVERSION = YES;
				CLANG_WARN_NON_LITERAL_NULL_CONVERSION = YES;
				CLANG_WARN_OBJC_IMPLICIT_RETAIN_SELF = YES;
				CLANG_WARN_OBJC_LITERAL_CONVERSION = YES;
				CLANG_WARN_OBJC_ROOT_CLASS = YES_ERROR;
				CLANG_WARN_QUOTED_INCLUDE_IN_FRAMEWORK_HEADER = YES;
				CLANG_WARN_RANGE_LOOP_ANALYSIS = YES;
				CLANG_WARN_STRICT_PROTOTYPES = YES;
				CLANG_WARN_SUSPICIOUS_MOVE = YES;
				CLANG_WARN_UNGUARDED_AVAILABILITY = YES_AGGRESSIVE;
				CLANG_WARN_UNREACHABLE_CODE = YES;
				CLANG_WARN__DUPLICATE_METHOD_MATCH = YES;
				COPY_PHASE_STRIP = NO;
				DEBUG_INFORMATION_FORMAT = dwarf;
				DEVELOPMENT_TEAM = V84A6F33CZ;
				ENABLE_STRICT_OBJC_MSGSEND = YES;
				ENABLE_TESTABILITY = YES;
				ENABLE_USER_SCRIPT_SANDBOXING = YES;
				GCC_C_LANGUAGE_STANDARD = gnu17;
				GCC_DYNAMIC_NO_PIC = NO;
				GCC_NO_COMMON_BLOCKS = YES;
				GCC_OPTIMIZATION_LEVEL = 0;
				GCC_PREPROCESSOR_DEFINITIONS = (
					"DEBUG=1",
					"$(inherited)",
				);
				GCC_WARN_64_TO_32_BIT_CONVERSION = YES;
				GCC_WARN_ABOUT_RETURN_TYPE = YES_ERROR;
				GCC_WARN_UNDECLARED_SELECTOR = YES;
				GCC_WARN_UNINITIALIZED_AUTOS = YES_AGGRESSIVE;
				GCC_WARN_UNUSED_FUNCTION = YES;
				GCC_WARN_UNUSED_VARIABLE = YES;
				IPHONEOS_DEPLOYMENT_TARGET = 18.5;
				LOCALIZATION_PREFERS_STRING_CATALOGS = YES;
				MTL_ENABLE_DEBUG_INFO = INCLUDE_SOURCE;
				MTL_FAST_MATH = YES;
				ONLY_ACTIVE_ARCH = YES;
				SDKROOT = iphoneos;
				STRING_CATALOG_GENERATE_SYMBOLS = YES;
				SWIFT_ACTIVE_COMPILATION_CONDITIONS = "DEBUG $(inherited)";
				SWIFT_OPTIMIZATION_LEVEL = "-Onone";
			};
			name = Debug;
		};
		163E2D932E5CF13E00C16B3C /* Release */ = {
			isa = XCBuildConfiguration;
			buildSettings = {
				ALWAYS_SEARCH_USER_PATHS = NO;
				ASSETCATALOG_COMPILER_GENERATE_SWIFT_ASSET_SYMBOL_EXTENSIONS = YES;
				CLANG_ANALYZER_NONNULL = YES;
				CLANG_ANALYZER_NUMBER_OBJECT_CONVERSION = YES_AGGRESSIVE;
				CLANG_CXX_LANGUAGE_STANDARD = "gnu++20";
				CLANG_ENABLE_MODULES = YES;
				CLANG_ENABLE_OBJC_ARC = YES;
				CLANG_ENABLE_OBJC_WEAK = YES;
				CLANG_WARN_BLOCK_CAPTURE_AUTORELEASING = YES;
				CLANG_WARN_BOOL_CONVERSION = YES;
				CLANG_WARN_COMMA = YES;
				CLANG_WARN_CONSTANT_CONVERSION = YES;
				CLANG_WARN_DEPRECATED_OBJC_IMPLEMENTATIONS = YES;
				CLANG_WARN_DIRECT_OBJC_ISA_USAGE = YES_ERROR;
				CLANG_WARN_DOCUMENTATION_COMMENTS = YES;
				CLANG_WARN_EMPTY_BODY = YES;
				CLANG_WARN_ENUM_CONVERSION = YES;
				CLANG_WARN_INFINITE_RECURSION = YES;
				CLANG_WARN_INT_CONVERSION = YES;
				CLANG_WARN_NON_LITERAL_NULL_CONVERSION = YES;
				CLANG_WARN_OBJC_IMPLICIT_RETAIN_SELF = YES;
				CLANG_WARN_OBJC_LITERAL_CONVERSION = YES;
				CLANG_WARN_OBJC_ROOT_CLASS = YES_ERROR;
				CLANG_WARN_QUOTED_INCLUDE_IN_FRAMEWORK_HEADER = YES;
				CLANG_WARN_RANGE_LOOP_ANALYSIS = YES;
				CLANG_WARN_STRICT_PROTOTYPES = YES;
				CLANG_WARN_SUSPICIOUS_MOVE = YES;
				CLANG_WARN_UNGUARDED_AVAILABILITY = YES_AGGRESSIVE;
				CLANG_WARN_UNREACHABLE_CODE = YES;
				CLANG_WARN__DUPLICATE_METHOD_MATCH = YES;
				COPY_PHASE_STRIP = NO;
				DEBUG_INFORMATION_FORMAT = "dwarf-with-dsym";
				DEVELOPMENT_TEAM = V84A6F33CZ;
				ENABLE_NS_ASSERTIONS = NO;
				ENABLE_STRICT_OBJC_MSGSEND = YES;
				ENABLE_USER_SCRIPT_SANDBOXING = YES;
				GCC_C_LANGUAGE_STANDARD = gnu17;
				GCC_NO_COMMON_BLOCKS = YES;
				GCC_WARN_64_TO_32_BIT_CONVERSION = YES;
				GCC_WARN_ABOUT_RETURN_TYPE = YES_ERROR;
				GCC_WARN_UNDECLARED_SELECTOR = YES;
				GCC_WARN_UNINITIALIZED_AUTOS = YES_AGGRESSIVE;
				GCC_WARN_UNUSED_FUNCTION = YES;
				GCC_WARN_UNUSED_VARIABLE = YES;
				IPHONEOS_DEPLOYMENT_TARGET = 18.5;
				LOCALIZATION_PREFERS_STRING_CATALOGS = YES;
				MTL_ENABLE_DEBUG_INFO = NO;
				MTL_FAST_MATH = YES;
				SDKROOT = iphoneos;
				STRING_CATALOG_GENERATE_SYMBOLS = YES;
				SWIFT_COMPILATION_MODE = wholemodule;
				VALIDATE_PRODUCT = YES;
			};
			name = Release;
		};
		163E2D952E5CF13E00C16B3C /* Debug */ = {
			isa = XCBuildConfiguration;
			buildSettings = {
				ASSETCATALOG_COMPILER_APPICON_NAME = AppIcon;
				ASSETCATALOG_COMPILER_GLOBAL_ACCENT_COLOR_NAME = AccentColor;
				ASSETCATALOG_COMPILER_INCLUDE_ALL_APPICON_ASSETS = YES;
				CODE_SIGN_IDENTITY = "Apple Development";
				CODE_SIGN_STYLE = Automatic;
				CURRENT_PROJECT_VERSION = 1;
				ENABLE_PREVIEWS = YES;
				GENERATE_INFOPLIST_FILE = YES;
				INFOPLIST_KEY_LSApplicationCategoryType = "public.app-category.business";
				INFOPLIST_KEY_NSCameraUsageDescription = "This app requires camera access to take photos and attach them to your notes.";
				INFOPLIST_KEY_NSMicrophoneUsageDescription = "This app requires microphone access to record voice notes for transcription.";
				INFOPLIST_KEY_NSPhotoLibraryUsageDescription = "This app needs access to your photo library to attach images to your notes.";
				INFOPLIST_KEY_NSSpeechRecognitionUsageDescription = "This app uses speech recognition to transcribe your voice notes locally on your device.";
				INFOPLIST_KEY_UIApplicationSceneManifest_Generation = YES;
				INFOPLIST_KEY_UIApplicationSupportsIndirectInputEvents = YES;
				INFOPLIST_KEY_UILaunchScreen_Generation = YES;
				INFOPLIST_KEY_UISupportedInterfaceOrientations_iPad = "UIInterfaceOrientationPortrait UIInterfaceOrientationPortraitUpsideDown UIInterfaceOrientationLandscapeLeft UIInterfaceOrientationLandscapeRight";
				INFOPLIST_KEY_UISupportedInterfaceOrientations_iPhone = "UIInterfaceOrientationPortrait UIInterfaceOrientationLandscapeLeft UIInterfaceOrientationLandscapeRight";
				LD_RUNPATH_SEARCH_PATHS = (
					"$(inherited)",
					"@executable_path/Frameworks",
				);
				MARKETING_VERSION = 1.0;
				PRODUCT_BUNDLE_IDENTIFIER = dev.koderex.muesli;
				PRODUCT_NAME = "$(TARGET_NAME)";
				PROVISIONING_PROFILE_SPECIFIER = "";
				SWIFT_EMIT_LOC_STRINGS = YES;
				SWIFT_VERSION = 5.0;
				TARGETED_DEVICE_FAMILY = "1,2";
			};
			name = Debug;
		};
		163E2D962E5CF13E00C16B3C /* Release */ = {
			isa = XCBuildConfiguration;
			buildSettings = {
				ASSETCATALOG_COMPILER_APPICON_NAME = AppIcon;
				ASSETCATALOG_COMPILER_GLOBAL_ACCENT_COLOR_NAME = AccentColor;
				ASSETCATALOG_COMPILER_INCLUDE_ALL_APPICON_ASSETS = YES;
				CODE_SIGN_IDENTITY = "Apple Development";
				CODE_SIGN_STYLE = Automatic;
				CURRENT_PROJECT_VERSION = 1;
				ENABLE_PREVIEWS = YES;
				GENERATE_INFOPLIST_FILE = YES;
				INFOPLIST_KEY_LSApplicationCategoryType = "public.app-category.business";
				INFOPLIST_KEY_NSCameraUsageDescription = "This app requires camera access to take photos and attach them to your notes.";
				INFOPLIST_KEY_NSMicrophoneUsageDescription = "This app requires microphone access to record voice notes for transcription.";
				INFOPLIST_KEY_NSPhotoLibraryUsageDescription = "This app needs access to your photo library to attach images to your notes.";
				INFOPLIST_KEY_NSSpeechRecognitionUsageDescription = "This app uses speech recognition to transcribe your voice notes locally on your device.";
				INFOPLIST_KEY_UIApplicationSceneManifest_Generation = YES;
				INFOPLIST_KEY_UIApplicationSupportsIndirectInputEvents = YES;
				INFOPLIST_KEY_UILaunchScreen_Generation = YES;
				INFOPLIST_KEY_UISupportedInterfaceOrientations_iPad = "UIInterfaceOrientationPortrait UIInterfaceOrientationPortraitUpsideDown UIInterfaceOrientationLandscapeLeft UIInterfaceOrientationLandscapeRight";
				INFOPLIST_KEY_UISupportedInterfaceOrientations_iPhone = "UIInterfaceOrientationPortrait UIInterfaceOrientationLandscapeLeft UIInterfaceOrientationLandscapeRight";
				LD_RUNPATH_SEARCH_PATHS = (
					"$(inherited)",
					"@executable_path/Frameworks",
				);
				MARKETING_VERSION = 1.0;
				PRODUCT_BUNDLE_IDENTIFIER = dev.koderex.muesli;
				PRODUCT_NAME = "$(TARGET_NAME)";
				PROVISIONING_PROFILE_SPECIFIER = "";
				SWIFT_EMIT_LOC_STRINGS = YES;
				SWIFT_VERSION = 5.0;
				TARGETED_DEVICE_FAMILY = "1,2";
			};
			name = Release;
		};
		163E2D982E5CF13E00C16B3C /* Debug */ = {
			isa = XCBuildConfiguration;
			buildSettings = {
				BUNDLE_LOADER = "$(TEST_HOST)";
				CODE_SIGN_STYLE = Automatic;
				CURRENT_PROJECT_VERSION = 1;
				GENERATE_INFOPLIST_FILE = YES;
				IPHONEOS_DEPLOYMENT_TARGET = 18.5;
				MARKETING_VERSION = 1.0;
				PRODUCT_BUNDLE_IDENTIFIER = dev.koderex.MuesliTests;
				PRODUCT_NAME = "$(TARGET_NAME)";
				SWIFT_EMIT_LOC_STRINGS = NO;
				SWIFT_VERSION = 5.0;
				TARGETED_DEVICE_FAMILY = "1,2";
				TEST_HOST = "$(BUILT_PRODUCTS_DIR)/Muesli.app/$(BUNDLE_EXECUTABLE_FOLDER_PATH)/Muesli";
			};
			name = Debug;
		};
		163E2D992E5CF13E00C16B3C /* Release */ = {
			isa = XCBuildConfiguration;
			buildSettings = {
				BUNDLE_LOADER = "$(TEST_HOST)";
				CODE_SIGN_STYLE = Automatic;
				CURRENT_PROJECT_VERSION = 1;
				GENERATE_INFOPLIST_FILE = YES;
				IPHONEOS_DEPLOYMENT_TARGET = 18.5;
				MARKETING_VERSION = 1.0;
				PRODUCT_BUNDLE_IDENTIFIER = dev.koderex.MuesliTests;
				PRODUCT_NAME = "$(TARGET_NAME)";
				SWIFT_EMIT_LOC_STRINGS = NO;
				SWIFT_VERSION = 5.0;
				TARGETED_DEVICE_FAMILY = "1,2";
				TEST_HOST = "$(BUILT_PRODUCTS_DIR)/Muesli.app/$(BUNDLE_EXECUTABLE_FOLDER_PATH)/Muesli";
			};
			name = Release;
		};
		163E2D9B2E5CF13E00C16B3C /* Debug */ = {
			isa = XCBuildConfiguration;
			buildSettings = {
				CODE_SIGN_STYLE = Automatic;
				CURRENT_PROJECT_VERSION = 1;
				GENERATE_INFOPLIST_FILE = YES;
				MARKETING_VERSION = 1.0;
				PRODUCT_BUNDLE_IDENTIFIER = dev.koderex.MuesliUITests;
				PRODUCT_NAME = "$(TARGET_NAME)";
				SWIFT_EMIT_LOC_STRINGS = NO;
				SWIFT_VERSION = 5.0;
				TARGETED_DEVICE_FAMILY = "1,2";
				TEST_TARGET_NAME = Muesli;
			};
			name = Debug;
		};
		163E2D9C2E5CF13E00C16B3C /* Release */ = {
			isa = XCBuildConfiguration;
			buildSettings = {
				CODE_SIGN_STYLE = Automatic;
				CURRENT_PROJECT_VERSION = 1;
				GENERATE_INFOPLIST_FILE = YES;
				MARKETING_VERSION = 1.0;
				PRODUCT_BUNDLE_IDENTIFIER = dev.koderex.MuesliUITests;
				PRODUCT_NAME = "$(TARGET_NAME)";
				SWIFT_EMIT_LOC_STRINGS = NO;
				SWIFT_VERSION = 5.0;
				TARGETED_DEVICE_FAMILY = "1,2";
				TEST_TARGET_NAME = Muesli;
			};
			name = Release;
		};
/* End XCBuildConfiguration section */

/* Begin XCConfigurationList section */
		163E2D6C2E5CF13D00C16B3C /* Build configuration list for PBXProject "Muesli" */ = {
			isa = XCConfigurationList;
			buildConfigurations = (
				163E2D922E5CF13E00C16B3C /* Debug */,
				163E2D932E5CF13E00C16B3C /* Release */,
			);
			defaultConfigurationIsVisible = 0;
			defaultConfigurationName = Release;
		};
		163E2D942E5CF13E00C16B3C /* Build configuration list for PBXNativeTarget "Muesli" */ = {
			isa = XCConfigurationList;
			buildConfigurations = (
				163E2D952E5CF13E00C16B3C /* Debug */,
				163E2D962E5CF13E00C16B3C /* Release */,
			);
			defaultConfigurationIsVisible = 0;
			defaultConfigurationName = Release;
		};
		163E2D972E5CF13E00C16B3C /* Build configuration list for PBXNativeTarget "MuesliTests" */ = {
			isa = XCConfigurationList;
			buildConfigurations = (
				163E2D982E5CF13E00C16B3C /* Debug */,
				163E2D992E5CF13E00C16B3C /* Release */,
			);
			defaultConfigurationIsVisible = 0;
			defaultConfigurationName = Release;
		};
		163E2D9A2E5CF13E00C16B3C /* Build configuration list for PBXNativeTarget "MuesliUITests" */ = {
			isa = XCConfigurationList;
			buildConfigurations = (
				163E2D9B2E5CF13E00C16B3C /* Debug */,
				163E2D9C2E5CF13E00C16B3C /* Release */,
			);
			defaultConfigurationIsVisible = 0;
			defaultConfigurationName = Release;
		};
/* End XCConfigurationList section */
	};
	rootObject = 163E2D692E5CF13D00C16B3C /* Project object */;
}
